// !$*UTF8*$!
{
	archiveVersion = 1;
	classes = {
	};
	objectVersion = 51;
	objects = {

/* Begin PBXBuildFile section */
		B7127C802427779200938FF8 /* extensionPoly.swift in Sources */ = {isa = PBXBuildFile; fileRef = B7127C7B2427779200938FF8 /* extensionPoly.swift */; };
		B7127C812427779200938FF8 /* CheckerArea.swift in Sources */ = {isa = PBXBuildFile; fileRef = B7127C7C2427779200938FF8 /* CheckerArea.swift */; };
		B7127C822427779200938FF8 /* inPolyPoint.swift in Sources */ = {isa = PBXBuildFile; fileRef = B7127C7D2427779200938FF8 /* inPolyPoint.swift */; };
		B7127C832427779200938FF8 /* File.swift in Sources */ = {isa = PBXBuildFile; fileRef = B7127C7E2427779200938FF8 /* File.swift */; };
		B7127C842427779200938FF8 /* routeChild.swift in Sources */ = {isa = PBXBuildFile; fileRef = B7127C7F2427779200938FF8 /* routeChild.swift */; };
		B7127C892427782000938FF8 /* 2.png in Resources */ = {isa = PBXBuildFile; fileRef = B7127C852427781F00938FF8 /* 2.png */; };
		B7127C8A2427782000938FF8 /* 1.png in Resources */ = {isa = PBXBuildFile; fileRef = B7127C862427781F00938FF8 /* 1.png */; };
		B7127C8B2427782000938FF8 /* 3.png in Resources */ = {isa = PBXBuildFile; fileRef = B7127C872427782000938FF8 /* 3.png */; };
		B7127C8C2427782000938FF8 /* 4.png in Resources */ = {isa = PBXBuildFile; fileRef = B7127C882427782000938FF8 /* 4.png */; };
		B722ED8724279000007EE093 /* ViewController.swift in Sources */ = {isa = PBXBuildFile; fileRef = B7A6E21D2426D2020037DE54 /* ViewController.swift */; };
		B722ED8924279AAF007EE093 /* way-x.png in Resources */ = {isa = PBXBuildFile; fileRef = B722ED8824279AAF007EE093 /* way-x.png */; };
		B722ED8B24279CCE007EE093 /* route_x.png in Resources */ = {isa = PBXBuildFile; fileRef = B722ED8A24279CCE007EE093 /* route_x.png */; };
		B73DA5D424277E9200CCCC3C /* MaterialView.swift in Sources */ = {isa = PBXBuildFile; fileRef = B73DA5D324277E9200CCCC3C /* MaterialView.swift */; };
		B73DA5D6242780DB00CCCC3C /* map_x.png in Resources */ = {isa = PBXBuildFile; fileRef = B73DA5D5242780DB00CCCC3C /* map_x.png */; };
		B7A6E21A2426D2020037DE54 /* AppDelegate.swift in Sources */ = {isa = PBXBuildFile; fileRef = B7A6E2192426D2020037DE54 /* AppDelegate.swift */; };
		B7A6E21C2426D2020037DE54 /* SceneDelegate.swift in Sources */ = {isa = PBXBuildFile; fileRef = B7A6E21B2426D2020037DE54 /* SceneDelegate.swift */; };
		B7A6E2212426D2020037DE54 /* Main.storyboard in Resources */ = {isa = PBXBuildFile; fileRef = B7A6E21F2426D2020037DE54 /* Main.storyboard */; };
		B7A6E2232426D2050037DE54 /* Assets.xcassets in Resources */ = {isa = PBXBuildFile; fileRef = B7A6E2222426D2050037DE54 /* Assets.xcassets */; };
		B7A6E2262426D2050037DE54 /* LaunchScreen.storyboard in Resources */ = {isa = PBXBuildFile; fileRef = B7A6E2242426D2050037DE54 /* LaunchScreen.storyboard */; };
		E250E08543BC186B6689D92B /* Pods_DroneMaps.framework in Frameworks */ = {isa = PBXBuildFile; fileRef = 48ECD0E05A10752B508FE054 /* Pods_DroneMaps.framework */; };
/* End PBXBuildFile section */

/* Begin PBXFileReference section */
		48ECD0E05A10752B508FE054 /* Pods_DroneMaps.framework */ = {isa = PBXFileReference; explicitFileType = wrapper.framework; includeInIndex = 0; path = Pods_DroneMaps.framework; sourceTree = BUILT_PRODUCTS_DIR; };
		B7127C7B2427779200938FF8 /* extensionPoly.swift */ = {isa = PBXFileReference; fileEncoding = 4; lastKnownFileType = sourcecode.swift; path = extensionPoly.swift; sourceTree = "<group>"; };
		B7127C7C2427779200938FF8 /* CheckerArea.swift */ = {isa = PBXFileReference; fileEncoding = 4; lastKnownFileType = sourcecode.swift; path = CheckerArea.swift; sourceTree = "<group>"; };
		B7127C7D2427779200938FF8 /* inPolyPoint.swift */ = {isa = PBXFileReference; fileEncoding = 4; lastKnownFileType = sourcecode.swift; path = inPolyPoint.swift; sourceTree = "<group>"; };
		B7127C7E2427779200938FF8 /* File.swift */ = {isa = PBXFileReference; fileEncoding = 4; lastKnownFileType = sourcecode.swift; path = File.swift; sourceTree = "<group>"; };
		B7127C7F2427779200938FF8 /* routeChild.swift */ = {isa = PBXFileReference; fileEncoding = 4; lastKnownFileType = sourcecode.swift; path = routeChild.swift; sourceTree = "<group>"; };
		B7127C852427781F00938FF8 /* 2.png */ = {isa = PBXFileReference; lastKnownFileType = image.png; name = 2.png; path = png/2.png; sourceTree = SOURCE_ROOT; };
		B7127C862427781F00938FF8 /* 1.png */ = {isa = PBXFileReference; lastKnownFileType = image.png; name = 1.png; path = png/1.png; sourceTree = SOURCE_ROOT; };
		B7127C872427782000938FF8 /* 3.png */ = {isa = PBXFileReference; lastKnownFileType = image.png; name = 3.png; path = png/3.png; sourceTree = SOURCE_ROOT; };
		B7127C882427782000938FF8 /* 4.png */ = {isa = PBXFileReference; lastKnownFileType = image.png; name = 4.png; path = png/4.png; sourceTree = SOURCE_ROOT; };
		B722ED8824279AAF007EE093 /* way-x.png */ = {isa = PBXFileReference; lastKnownFileType = image.png; path = "way-x.png"; sourceTree = SOURCE_ROOT; };
		B722ED8A24279CCE007EE093 /* route_x.png */ = {isa = PBXFileReference; lastKnownFileType = image.png; path = route_x.png; sourceTree = SOURCE_ROOT; };
		B73DA5D324277E9200CCCC3C /* MaterialView.swift */ = {isa = PBXFileReference; fileEncoding = 4; lastKnownFileType = sourcecode.swift; path = MaterialView.swift; sourceTree = "<group>"; };
		B73DA5D5242780DB00CCCC3C /* map_x.png */ = {isa = PBXFileReference; lastKnownFileType = image.png; path = map_x.png; sourceTree = SOURCE_ROOT; };
		B7A6E2162426D2020037DE54 /* DroneMaps.app */ = {isa = PBXFileReference; explicitFileType = wrapper.application; includeInIndex = 0; path = DroneMaps.app; sourceTree = BUILT_PRODUCTS_DIR; };
		B7A6E2192426D2020037DE54 /* AppDelegate.swift */ = {isa = PBXFileReference; lastKnownFileType = sourcecode.swift; path = AppDelegate.swift; sourceTree = "<group>"; };
		B7A6E21B2426D2020037DE54 /* SceneDelegate.swift */ = {isa = PBXFileReference; lastKnownFileType = sourcecode.swift; path = SceneDelegate.swift; sourceTree = "<group>"; };
		B7A6E21D2426D2020037DE54 /* ViewController.swift */ = {isa = PBXFileReference; lastKnownFileType = sourcecode.swift; path = ViewController.swift; sourceTree = "<group>"; };
		B7A6E2202426D2020037DE54 /* Base */ = {isa = PBXFileReference; lastKnownFileType = file.storyboard; name = Base; path = Base.lproj/Main.storyboard; sourceTree = "<group>"; };
		B7A6E2222426D2050037DE54 /* Assets.xcassets */ = {isa = PBXFileReference; lastKnownFileType = folder.assetcatalog; path = Assets.xcassets; sourceTree = "<group>"; };
		B7A6E2252426D2050037DE54 /* Base */ = {isa = PBXFileReference; lastKnownFileType = file.storyboard; name = Base; path = Base.lproj/LaunchScreen.storyboard; sourceTree = "<group>"; };
		B7A6E2272426D2050037DE54 /* Info.plist */ = {isa = PBXFileReference; lastKnownFileType = text.plist.xml; path = Info.plist; sourceTree = "<group>"; };
		C4687692F9E7954B25B67BD3 /* Pods-DroneMaps.release.xcconfig */ = {isa = PBXFileReference; includeInIndex = 1; lastKnownFileType = text.xcconfig; name = "Pods-DroneMaps.release.xcconfig"; path = "Target Support Files/Pods-DroneMaps/Pods-DroneMaps.release.xcconfig"; sourceTree = "<group>"; };
		E0BACE8AE26C8121F742B519 /* Pods-DroneMaps.debug.xcconfig */ = {isa = PBXFileReference; includeInIndex = 1; lastKnownFileType = text.xcconfig; name = "Pods-DroneMaps.debug.xcconfig"; path = "Target Support Files/Pods-DroneMaps/Pods-DroneMaps.debug.xcconfig"; sourceTree = "<group>"; };
/* End PBXFileReference section */

/* Begin PBXFrameworksBuildPhase section */
		B7A6E2132426D2020037DE54 /* Frameworks */ = {
			isa = PBXFrameworksBuildPhase;
			buildActionMask = 2147483647;
			files = (
				E250E08543BC186B6689D92B /* Pods_DroneMaps.framework in Frameworks */,
			);
			runOnlyForDeploymentPostprocessing = 0;
		};
/* End PBXFrameworksBuildPhase section */

/* Begin PBXGroup section */
		056BBF46C043368EEC3D5E47 /* Pods */ = {
			isa = PBXGroup;
			children = (
				E0BACE8AE26C8121F742B519 /* Pods-DroneMaps.debug.xcconfig */,
				C4687692F9E7954B25B67BD3 /* Pods-DroneMaps.release.xcconfig */,
			);
			path = Pods;
			sourceTree = "<group>";
		};
		415215FF1EA0AB0331FA4468 /* Frameworks */ = {
			isa = PBXGroup;
			children = (
				48ECD0E05A10752B508FE054 /* Pods_DroneMaps.framework */,
			);
			name = Frameworks;
			sourceTree = "<group>";
		};
		B7127C8D2427782500938FF8 /* asset_icon */ = {
			isa = PBXGroup;
			children = (
				B722ED8A24279CCE007EE093 /* route_x.png */,
				B722ED8824279AAF007EE093 /* way-x.png */,
				B73DA5D5242780DB00CCCC3C /* map_x.png */,
				B7127C862427781F00938FF8 /* 1.png */,
				B7127C852427781F00938FF8 /* 2.png */,
				B7127C872427782000938FF8 /* 3.png */,
				B7127C882427782000938FF8 /* 4.png */,
			);
			path = asset_icon;
			sourceTree = "<group>";
		};
		B7A6E20D2426D2020037DE54 = {
			isa = PBXGroup;
			children = (
				B7A6E2182426D2020037DE54 /* DroneMaps */,
				B7A6E2172426D2020037DE54 /* Products */,
				056BBF46C043368EEC3D5E47 /* Pods */,
				415215FF1EA0AB0331FA4468 /* Frameworks */,
			);
			sourceTree = "<group>";
		};
		B7A6E2172426D2020037DE54 /* Products */ = {
			isa = PBXGroup;
			children = (
				B7A6E2162426D2020037DE54 /* DroneMaps.app */,
			);
			name = Products;
			sourceTree = "<group>";
		};
		B7A6E2182426D2020037DE54 /* DroneMaps */ = {
			isa = PBXGroup;
			children = (
				B73DA5D324277E9200CCCC3C /* MaterialView.swift */,
				B7127C8D2427782500938FF8 /* asset_icon */,
				B7127C7C2427779200938FF8 /* CheckerArea.swift */,
				B7127C7B2427779200938FF8 /* extensionPoly.swift */,
				B7127C7E2427779200938FF8 /* File.swift */,
				B7127C7D2427779200938FF8 /* inPolyPoint.swift */,
				B7127C7F2427779200938FF8 /* routeChild.swift */,
				B7A6E2192426D2020037DE54 /* AppDelegate.swift */,
				B7A6E21B2426D2020037DE54 /* SceneDelegate.swift */,
				B7A6E21D2426D2020037DE54 /* ViewController.swift */,
				B7A6E21F2426D2020037DE54 /* Main.storyboard */,
				B7A6E2222426D2050037DE54 /* Assets.xcassets */,
				B7A6E2242426D2050037DE54 /* LaunchScreen.storyboard */,
				B7A6E2272426D2050037DE54 /* Info.plist */,
			);
			path = DroneMaps;
			sourceTree = "<group>";
		};
/* End PBXGroup section */

/* Begin PBXNativeTarget section */
		B7A6E2152426D2020037DE54 /* DroneMaps */ = {
			isa = PBXNativeTarget;
			buildConfigurationList = B7A6E22A2426D2050037DE54 /* Build configuration list for PBXNativeTarget "DroneMaps" */;
			buildPhases = (
				534DA4FEC8EAC0D23F067CFD /* [CP] Check Pods Manifest.lock */,
				B7A6E2122426D2020037DE54 /* Sources */,
				B7A6E2132426D2020037DE54 /* Frameworks */,
				B7A6E2142426D2020037DE54 /* Resources */,
				85F979DF4D5FBA35B18BBDFF /* [CP] Embed Pods Frameworks */,
			);
			buildRules = (
			);
			dependencies = (
			);
			name = DroneMaps;
			productName = DroneMaps;
			productReference = B7A6E2162426D2020037DE54 /* DroneMaps.app */;
			productType = "com.apple.product-type.application";
		};
/* End PBXNativeTarget section */

/* Begin PBXProject section */
		B7A6E20E2426D2020037DE54 /* Project object */ = {
			isa = PBXProject;
			attributes = {
				LastSwiftUpdateCheck = 1140;
				LastUpgradeCheck = 1140;
				ORGANIZATIONNAME = "Артем Стратиенко";
				TargetAttributes = {
					B7A6E2152426D2020037DE54 = {
						CreatedOnToolsVersion = 11.4;
					};
				};
			};
			buildConfigurationList = B7A6E2112426D2020037DE54 /* Build configuration list for PBXProject "DroneMaps" */;
			compatibilityVersion = "Xcode 9.3";
			developmentRegion = en;
			hasScannedForEncodings = 0;
			knownRegions = (
				en,
				Base,
			);
			mainGroup = B7A6E20D2426D2020037DE54;
			productRefGroup = B7A6E2172426D2020037DE54 /* Products */;
			projectDirPath = "";
			projectRoot = "";
			targets = (
				B7A6E2152426D2020037DE54 /* DroneMaps */,
			);
		};
/* End PBXProject section */

/* Begin PBXResourcesBuildPhase section */
		B7A6E2142426D2020037DE54 /* Resources */ = {
			isa = PBXResourcesBuildPhase;
			buildActionMask = 2147483647;
			files = (
				B7A6E2262426D2050037DE54 /* LaunchScreen.storyboard in Resources */,
				B73DA5D6242780DB00CCCC3C /* map_x.png in Resources */,
				B722ED8B24279CCE007EE093 /* route_x.png in Resources */,
				B722ED8924279AAF007EE093 /* way-x.png in Resources */,
				B7127C8C2427782000938FF8 /* 4.png in Resources */,
				B7A6E2232426D2050037DE54 /* Assets.xcassets in Resources */,
				B7127C892427782000938FF8 /* 2.png in Resources */,
				B7127C8B2427782000938FF8 /* 3.png in Resources */,
				B7A6E2212426D2020037DE54 /* Main.storyboard in Resources */,
				B7127C8A2427782000938FF8 /* 1.png in Resources */,
			);
			runOnlyForDeploymentPostprocessing = 0;
		};
/* End PBXResourcesBuildPhase section */

/* Begin PBXShellScriptBuildPhase section */
		534DA4FEC8EAC0D23F067CFD /* [CP] Check Pods Manifest.lock */ = {
			isa = PBXShellScriptBuildPhase;
			buildActionMask = 2147483647;
			files = (
			);
			inputFileListPaths = (
			);
			inputPaths = (
				"${PODS_PODFILE_DIR_PATH}/Podfile.lock",
				"${PODS_ROOT}/Manifest.lock",
			);
			name = "[CP] Check Pods Manifest.lock";
			outputFileListPaths = (
			);
			outputPaths = (
				"$(DERIVED_FILE_DIR)/Pods-DroneMaps-checkManifestLockResult.txt",
			);
			runOnlyForDeploymentPostprocessing = 0;
			shellPath = /bin/sh;
			shellScript = "diff \"${PODS_PODFILE_DIR_PATH}/Podfile.lock\" \"${PODS_ROOT}/Manifest.lock\" > /dev/null\nif [ $? != 0 ] ; then\n    # print error to STDERR\n    echo \"error: The sandbox is not in sync with the Podfile.lock. Run 'pod install' or update your CocoaPods installation.\" >&2\n    exit 1\nfi\n# This output is used by Xcode 'outputs' to avoid re-running this script phase.\necho \"SUCCESS\" > \"${SCRIPT_OUTPUT_FILE_0}\"\n";
			showEnvVarsInLog = 0;
		};
		85F979DF4D5FBA35B18BBDFF /* [CP] Embed Pods Frameworks */ = {
			isa = PBXShellScriptBuildPhase;
			buildActionMask = 2147483647;
			files = (
			);
			inputFileListPaths = (
				"${PODS_ROOT}/Target Support Files/Pods-DroneMaps/Pods-DroneMaps-frameworks-${CONFIGURATION}-input-files.xcfilelist",
			);
			name = "[CP] Embed Pods Frameworks";
			outputFileListPaths = (
				"${PODS_ROOT}/Target Support Files/Pods-DroneMaps/Pods-DroneMaps-frameworks-${CONFIGURATION}-output-files.xcfilelist",
			);
			runOnlyForDeploymentPostprocessing = 0;
			shellPath = /bin/sh;
			shellScript = "\"${PODS_ROOT}/Target Support Files/Pods-DroneMaps/Pods-DroneMaps-frameworks.sh\"\n";
			showEnvVarsInLog = 0;
		};
/* End PBXShellScriptBuildPhase section */

/* Begin PBXSourcesBuildPhase section */
		B7A6E2122426D2020037DE54 /* Sources */ = {
			isa = PBXSourcesBuildPhase;
			buildActionMask = 2147483647;
			files = (
				B7127C822427779200938FF8 /* inPolyPoint.swift in Sources */,
				B7127C832427779200938FF8 /* File.swift in Sources */,
				B73DA5D424277E9200CCCC3C /* MaterialView.swift in Sources */,
				B722ED8724279000007EE093 /* ViewController.swift in Sources */,
				B7127C812427779200938FF8 /* CheckerArea.swift in Sources */,
				B7A6E21A2426D2020037DE54 /* AppDelegate.swift in Sources */,
				B7A6E21C2426D2020037DE54 /* SceneDelegate.swift in Sources */,
				B7127C842427779200938FF8 /* routeChild.swift in Sources */,
				B7127C802427779200938FF8 /* extensionPoly.swift in Sources */,
			);
			runOnlyForDeploymentPostprocessing = 0;
		};
/* End PBXSourcesBuildPhase section */

/* Begin PBXVariantGroup section */
		B7A6E21F2426D2020037DE54 /* Main.storyboard */ = {
			isa = PBXVariantGroup;
			children = (
				B7A6E2202426D2020037DE54 /* Base */,
			);
			name = Main.storyboard;
			sourceTree = "<group>";
		};
		B7A6E2242426D2050037DE54 /* LaunchScreen.storyboard */ = {
			isa = PBXVariantGroup;
			children = (
				B7A6E2252426D2050037DE54 /* Base */,
			);
			name = LaunchScreen.storyboard;
			sourceTree = "<group>";
		};
/* End PBXVariantGroup section */

/* Begin XCBuildConfiguration section */
		B7A6E2282426D2050037DE54 /* Debug */ = {
			isa = XCBuildConfiguration;
			buildSettings = {
				ALWAYS_SEARCH_USER_PATHS = NO;
				CLANG_ANALYZER_NONNULL = YES;
				CLANG_ANALYZER_NUMBER_OBJECT_CONVERSION = YES_AGGRESSIVE;
				CLANG_CXX_LANGUAGE_STANDARD = "gnu++14";
				CLANG_CXX_LIBRARY = "libc++";
				CLANG_ENABLE_MODULES = YES;
				CLANG_ENABLE_OBJC_ARC = YES;
				CLANG_ENABLE_OBJC_WEAK = YES;
				CLANG_WARN_BLOCK_CAPTURE_AUTORELEASING = YES;
				CLANG_WARN_BOOL_CONVERSION = YES;
				CLANG_WARN_COMMA = YES;
				CLANG_WARN_CONSTANT_CONVERSION = YES;
				CLANG_WARN_DEPRECATED_OBJC_IMPLEMENTATIONS = YES;
				CLANG_WARN_DIRECT_OBJC_ISA_USAGE = YES_ERROR;
				CLANG_WARN_DOCUMENTATION_COMMENTS = YES;
				CLANG_WARN_EMPTY_BODY = YES;
				CLANG_WARN_ENUM_CONVERSION = YES;
				CLANG_WARN_INFINITE_RECURSION = YES;
				CLANG_WARN_INT_CONVERSION = YES;
				CLANG_WARN_NON_LITERAL_NULL_CONVERSION = YES;
				CLANG_WARN_OBJC_IMPLICIT_RETAIN_SELF = YES;
				CLANG_WARN_OBJC_LITERAL_CONVERSION = YES;
				CLANG_WARN_OBJC_ROOT_CLASS = YES_ERROR;
				CLANG_WARN_RANGE_LOOP_ANALYSIS = YES;
				CLANG_WARN_STRICT_PROTOTYPES = YES;
				CLANG_WARN_SUSPICIOUS_MOVE = YES;
				CLANG_WARN_UNGUARDED_AVAILABILITY = YES_AGGRESSIVE;
				CLANG_WARN_UNREACHABLE_CODE = YES;
				CLANG_WARN__DUPLICATE_METHOD_MATCH = YES;
				COPY_PHASE_STRIP = NO;
				DEBUG_INFORMATION_FORMAT = dwarf;
				ENABLE_STRICT_OBJC_MSGSEND = YES;
				ENABLE_TESTABILITY = YES;
				GCC_C_LANGUAGE_STANDARD = gnu11;
				GCC_DYNAMIC_NO_PIC = NO;
				GCC_NO_COMMON_BLOCKS = YES;
				GCC_OPTIMIZATION_LEVEL = 0;
				GCC_PREPROCESSOR_DEFINITIONS = (
					"DEBUG=1",
					"$(inherited)",
				);
				GCC_WARN_64_TO_32_BIT_CONVERSION = YES;
				GCC_WARN_ABOUT_RETURN_TYPE = YES_ERROR;
				GCC_WARN_UNDECLARED_SELECTOR = YES;
				GCC_WARN_UNINITIALIZED_AUTOS = YES_AGGRESSIVE;
				GCC_WARN_UNUSED_FUNCTION = YES;
				GCC_WARN_UNUSED_VARIABLE = YES;
				IPHONEOS_DEPLOYMENT_TARGET = 12.0;
				MTL_ENABLE_DEBUG_INFO = INCLUDE_SOURCE;
				MTL_FAST_MATH = YES;
				ONLY_ACTIVE_ARCH = YES;
				SDKROOT = iphoneos;
				SWIFT_ACTIVE_COMPILATION_CONDITIONS = DEBUG;
				SWIFT_OPTIMIZATION_LEVEL = "-Onone";
			};
			name = Debug;
		};
		B7A6E2292426D2050037DE54 /* Release */ = {
			isa = XCBuildConfiguration;
			buildSettings = {
				ALWAYS_SEARCH_USER_PATHS = NO;
				CLANG_ANALYZER_NONNULL = YES;
				CLANG_ANALYZER_NUMBER_OBJECT_CONVERSION = YES_AGGRESSIVE;
				CLANG_CXX_LANGUAGE_STANDARD = "gnu++14";
				CLANG_CXX_LIBRARY = "libc++";
				CLANG_ENABLE_MODULES = YES;
				CLANG_ENABLE_OBJC_ARC = YES;
				CLANG_ENABLE_OBJC_WEAK = YES;
				CLANG_WARN_BLOCK_CAPTURE_AUTORELEASING = YES;
				CLANG_WARN_BOOL_CONVERSION = YES;
				CLANG_WARN_COMMA = YES;
				CLANG_WARN_CONSTANT_CONVERSION = YES;
				CLANG_WARN_DEPRECATED_OBJC_IMPLEMENTATIONS = YES;
				CLANG_WARN_DIRECT_OBJC_ISA_USAGE = YES_ERROR;
				CLANG_WARN_DOCUMENTATION_COMMENTS = YES;
				CLANG_WARN_EMPTY_BODY = YES;
				CLANG_WARN_ENUM_CONVERSION = YES;
				CLANG_WARN_INFINITE_RECURSION = YES;
				CLANG_WARN_INT_CONVERSION = YES;
				CLANG_WARN_NON_LITERAL_NULL_CONVERSION = YES;
				CLANG_WARN_OBJC_IMPLICIT_RETAIN_SELF = YES;
				CLANG_WARN_OBJC_LITERAL_CONVERSION = YES;
				CLANG_WARN_OBJC_ROOT_CLASS = YES_ERROR;
				CLANG_WARN_RANGE_LOOP_ANALYSIS = YES;
				CLANG_WARN_STRICT_PROTOTYPES = YES;
				CLANG_WARN_SUSPICIOUS_MOVE = YES;
				CLANG_WARN_UNGUARDED_AVAILABILITY = YES_AGGRESSIVE;
				CLANG_WARN_UNREACHABLE_CODE = YES;
				CLANG_WARN__DUPLICATE_METHOD_MATCH = YES;
				COPY_PHASE_STRIP = NO;
				DEBUG_INFORMATION_FORMAT = "dwarf-with-dsym";
				ENABLE_NS_ASSERTIONS = NO;
				ENABLE_STRICT_OBJC_MSGSEND = YES;
				GCC_C_LANGUAGE_STANDARD = gnu11;
				GCC_NO_COMMON_BLOCKS = YES;
				GCC_WARN_64_TO_32_BIT_CONVERSION = YES;
				GCC_WARN_ABOUT_RETURN_TYPE = YES_ERROR;
				GCC_WARN_UNDECLARED_SELECTOR = YES;
				GCC_WARN_UNINITIALIZED_AUTOS = YES_AGGRESSIVE;
				GCC_WARN_UNUSED_FUNCTION = YES;
				GCC_WARN_UNUSED_VARIABLE = YES;
				IPHONEOS_DEPLOYMENT_TARGET = 12.0;
				MTL_ENABLE_DEBUG_INFO = NO;
				MTL_FAST_MATH = YES;
				SDKROOT = iphoneos;
				SWIFT_COMPILATION_MODE = wholemodule;
				SWIFT_OPTIMIZATION_LEVEL = "-O";
				VALIDATE_PRODUCT = YES;
			};
			name = Release;
		};
		B7A6E22B2426D2050037DE54 /* Debug */ = {
			isa = XCBuildConfiguration;
			baseConfigurationReference = E0BACE8AE26C8121F742B519 /* Pods-DroneMaps.debug.xcconfig */;
			buildSettings = {
				ASSETCATALOG_COMPILER_APPICON_NAME = AppIcon;
				CODE_SIGN_STYLE = Automatic;
				DEVELOPMENT_TEAM = 9RCKEM6H93;
				INFOPLIST_FILE = DroneMaps/Info.plist;
				LD_RUNPATH_SEARCH_PATHS = (
					"$(inherited)",
					"@executable_path/Frameworks",
				);
				PRODUCT_BUNDLE_IDENTIFIER = "brazil-.DroneMaps";
				PRODUCT_NAME = "$(TARGET_NAME)";
				SWIFT_VERSION = 5.0;
				TARGETED_DEVICE_FAMILY = "1,2";
			};
			name = Debug;
		};
		B7A6E22C2426D2050037DE54 /* Release */ = {
			isa = XCBuildConfiguration;
			baseConfigurationReference = C4687692F9E7954B25B67BD3 /* Pods-DroneMaps.release.xcconfig */;
			buildSettings = {
				ASSETCATALOG_COMPILER_APPICON_NAME = AppIcon;
				CODE_SIGN_STYLE = Automatic;
				DEVELOPMENT_TEAM = 9RCKEM6H93;
				INFOPLIST_FILE = DroneMaps/Info.plist;
				LD_RUNPATH_SEARCH_PATHS = (
					"$(inherited)",
					"@executable_path/Frameworks",
				);
				PRODUCT_BUNDLE_IDENTIFIER = "brazil-.DroneMaps";
				PRODUCT_NAME = "$(TARGET_NAME)";
				SWIFT_VERSION = 5.0;
				TARGETED_DEVICE_FAMILY = "1,2";
			};
			name = Release;
		};
/* End XCBuildConfiguration section */

/* Begin XCConfigurationList section */
		B7A6E2112426D2020037DE54 /* Build configuration list for PBXProject "DroneMaps" */ = {
			isa = XCConfigurationList;
			buildConfigurations = (
				B7A6E2282426D2050037DE54 /* Debug */,
				B7A6E2292426D2050037DE54 /* Release */,
			);
			defaultConfigurationIsVisible = 0;
			defaultConfigurationName = Release;
		};
		B7A6E22A2426D2050037DE54 /* Build configuration list for PBXNativeTarget "DroneMaps" */ = {
			isa = XCConfigurationList;
			buildConfigurations = (
				B7A6E22B2426D2050037DE54 /* Debug */,
				B7A6E22C2426D2050037DE54 /* Release */,
			);
			defaultConfigurationIsVisible = 0;
			defaultConfigurationName = Release;
		};
/* End XCConfigurationList section */
	};
	rootObject = B7A6E20E2426D2020037DE54 /* Project object */;
}
